
Microsoft Visual Studio Solution File, Format Version 12.00
# Visual Studio Version 17
VisualStudioVersion = 17.5.33516.290
MinimumVisualStudioVersion = 10.0.40219.1
Project("{9A19103F-16F7-4668-BE54-9A1E7A4F7556}") = "IdentitySystem.Admin.EntityFramework.Identity", "src\IdentitySystem.Admin.EntityFramework.Identity\IdentitySystem.Admin.EntityFramework.Identity.csproj", "{2FAECDE3-8D21-4C36-BFF1-3F7C1A56F0D4}"
EndProject
Project("{9A19103F-16F7-4668-BE54-9A1E7A4F7556}") = "IdentitySystem.Admin.BusinessLogic.Identity", "src\IdentitySystem.Admin.BusinessLogic.Identity\IdentitySystem.Admin.BusinessLogic.Identity.csproj", "{CA63CC7B-BE27-4737-AE91-42E43F729A1E}"
EndProject
Project("{9A19103F-16F7-4668-BE54-9A1E7A4F7556}") = "IdentitySystem.Admin.EntityFramework.Shared", "src\IdentitySystem.Admin.EntityFramework.Shared\IdentitySystem.Admin.EntityFramework.Shared.csproj", "{E18F8C70-7448-4039-9D78-1369D7F498EF}"
EndProject
Project("{E53339B2-1760-4266-BCC7-CA923CBCF16C}") = "docker-compose", "docker-compose.dcproj", "{F817047F-018D-4F93-BDA5-58602073B634}"
EndProject
Project("{9A19103F-16F7-4668-BE54-9A1E7A4F7556}") = "IdentitySystem.Admin.EntityFramework.SqlServer", "src\IdentitySystem.Admin.EntityFramework.SqlServer\IdentitySystem.Admin.EntityFramework.SqlServer.csproj", "{8230366D-81F9-4FA5-8F5D-8546B527F54F}"
EndProject
Project("{2150E333-8FDC-42A3-9474-1A3956D46DE8}") = "Services", "Services", "{81D70C43-0CCD-4C59-A412-A6AF1E7A6580}"
EndProject
Project("{2150E333-8FDC-42A3-9474-1A3956D46DE8}") = "src", "src", "{DB7570D8-2656-4638-AA2E-AFB529E4DC19}"
EndProject
Project("{2150E333-8FDC-42A3-9474-1A3956D46DE8}") = "Business", "Business", "{102258B1-7794-4CAD-B943-9EF4F8839B0D}"
EndProject
Project("{2150E333-8FDC-42A3-9474-1A3956D46DE8}") = "IdentityServer4", "IdentityServer4", "{D8EA1829-D96C-484C-9693-5F3D7ABD4102}"
EndProject
Project("{2150E333-8FDC-42A3-9474-1A3956D46DE8}") = "Commons", "Commons", "{3D104FEC-FCE8-4684-8FB7-70F6F494CCEF}"
EndProject
Project("{2150E333-8FDC-42A3-9474-1A3956D46DE8}") = "Databases", "Databases", "{FF5EBCD1-D423-462C-B56E-42AFF940DD7F}"
EndProject
Project("{2150E333-8FDC-42A3-9474-1A3956D46DE8}") = "WebApps", "WebApps", "{1607B49C-58C6-4BBC-9504-3112440CD440}"
EndProject
Project("{9A19103F-16F7-4668-BE54-9A1E7A4F7556}") = "IdentitySystem.Admin.UI", "src\IdentitySystem.Admin.UI\IdentitySystem.Admin.UI.csproj", "{DC32E340-3EBC-4DE2-B058-EE499EBD3607}"
EndProject
Project("{9A19103F-16F7-4668-BE54-9A1E7A4F7556}") = "IdentitySystem.Admin", "src\IdentitySystem.Admin\IdentitySystem.Admin.csproj", "{2B92DA59-AFA2-46CC-A92C-C2BF3A617502}"
EndProject
Project("{9A19103F-16F7-4668-BE54-9A1E7A4F7556}") = "IdentitySystem.Admin.Api", "src\IdentitySystem.Admin.Api\IdentitySystem.Admin.Api.csproj", "{ACBDBAAE-6F01-4CBD-AD6E-F716BF80774F}"
EndProject
Project("{2150E333-8FDC-42A3-9474-1A3956D46DE8}") = "test", "test", "{CDA348C4-643C-461B-AD23-9B34A5DC0F2B}"
EndProject
Project("{2150E333-8FDC-42A3-9474-1A3956D46DE8}") = "Workers", "Workers", "{5E67E994-8C81-43D4-B8CE-35D397B83E22}"
EndProject
Project("{9A19103F-16F7-4668-BE54-9A1E7A4F7556}") = "IdentitySystem.Admin.BusinessLogic", "src\IdentitySystem.Admin.BusinessLogic\IdentitySystem.Admin.BusinessLogic.csproj", "{BD308948-A4E2-415F-BA5F-5B0536B47699}"
EndProject
Project("{9A19103F-16F7-4668-BE54-9A1E7A4F7556}") = "IdentityServer4", "src\IdentityServer4\IdentityServer4\IdentityServer4.csproj", "{4A616825-B608-42D7-AFCB-06ED810C07B7}"
EndProject
Project("{9A19103F-16F7-4668-BE54-9A1E7A4F7556}") = "IdentityServer4.AspNetIdentity", "src\IdentityServer4\IdentityServer4.AspNetIdentity\IdentityServer4.AspNetIdentity.csproj", "{E60A79BD-F8E1-4969-9E3D-C31E889EE2CC}"
EndProject
Project("{9A19103F-16F7-4668-BE54-9A1E7A4F7556}") = "IdentityServer4.EntityFramework", "src\IdentityServer4\IdentityServer4.EntityFramework\IdentityServer4.EntityFramework.csproj", "{A8E8CEA5-3AFB-4A33-AEDD-58D2DA5F1941}"
EndProject
Project("{9A19103F-16F7-4668-BE54-9A1E7A4F7556}") = "IdentityServer4.EntityFramework.Storage", "src\IdentityServer4\IdentityServer4.EntityFramework.Storage\IdentityServer4.EntityFramework.Storage.csproj", "{C1EC6962-3085-496A-98DF-3DA89153936F}"
EndProject
Project("{9A19103F-16F7-4668-BE54-9A1E7A4F7556}") = "IdentityServer4.Storage", "src\IdentityServer4\IdentityServer4.Storage\IdentityServer4.Storage.csproj", "{B7130814-FB7A-4E4C-9246-CAE0887C7639}"
EndProject
Project("{2150E333-8FDC-42A3-9474-1A3956D46DE8}") = "BuildingBlocks", "BuildingBlocks", "{D6F5C6F2-2381-4519-AC25-7EB449860B0D}"
EndProject
Project("{2150E333-8FDC-42A3-9474-1A3956D46DE8}") = "Bus", "Bus", "{A9133C43-F53F-4A78-A26A-4035DBF828B2}"
EndProject
Project("{9A19103F-16F7-4668-BE54-9A1E7A4F7556}") = "IdentitySystem.Admin.EntityFramework", "src\IdentitySystem.Admin.EntityFramework\IdentitySystem.Admin.EntityFramework.csproj", "{FFABE8A9-A32E-45F1-898B-F7FDE6E88DFE}"
EndProject
Project("{9A19103F-16F7-4668-BE54-9A1E7A4F7556}") = "IdentitySystem.Admin.EntityFramework.Configuration", "src\IdentitySystem.Admin.EntityFramework.Configuration\IdentitySystem.Admin.EntityFramework.Configuration.csproj", "{EA58147F-C2E1-4A91-9142-C13DFB2115E4}"
EndProject
Project("{9A19103F-16F7-4668-BE54-9A1E7A4F7556}") = "IdentitySystem.Admin.EntityFramework.Extensions", "src\IdentitySystem.Admin.EntityFramework.Extensions\IdentitySystem.Admin.EntityFramework.Extensions.csproj", "{1BD3EF93-94C2-492F-AFE2-3A768D2B6260}"
EndProject
Project("{9A19103F-16F7-4668-BE54-9A1E7A4F7556}") = "IdentitySystem.Shared.Configuration", "src\IdentitySystem.Shared.Configuration\IdentitySystem.Shared.Configuration.csproj", "{F1ED71EA-D2E3-43A2-BD39-C8FF45A06A5D}"
EndProject
Project("{9A19103F-16F7-4668-BE54-9A1E7A4F7556}") = "IdentitySystem.Shared", "src\IdentitySystem.Shared\IdentitySystem.Shared.csproj", "{DBB33BAA-0542-41AF-A037-31F415183381}"
EndProject
Project("{9A19103F-16F7-4668-BE54-9A1E7A4F7556}") = "IdentitySystem.Admin.BusinessLogic.Shared", "src\IdentitySystem.Admin.BusinessLogic.Shared\IdentitySystem.Admin.BusinessLogic.Shared.csproj", "{9C9A10DE-FC06-469D-A1B4-DC4EAE89428C}"
EndProject
Project("{9A19103F-16F7-4668-BE54-9A1E7A4F7556}") = "IdentitySystem.IdentityServer", "src\IdentitySystem.IdentityServer\IdentitySystem.IdentityServer.csproj", "{8BEDA8D3-70C5-4DF2-810C-7105B6A06F28}"
EndProject
Project("{9A19103F-16F7-4668-BE54-9A1E7A4F7556}") = "IdentitySystem.Admin.IntegrationTests", "tests\IdentitySystem.Admin.IntegrationTests\IdentitySystem.Admin.IntegrationTests.csproj", "{D551821B-7819-4C7A-9317-054D62E53990}"
EndProject
Project("{9A19103F-16F7-4668-BE54-9A1E7A4F7556}") = "IdentitySystem.Admin.UnitTests", "tests\IdentitySystem.Admin.UnitTests\IdentitySystem.Admin.UnitTests.csproj", "{B1110F67-33AE-4E7A-92F4-81E8E7F2269B}"
EndProject
Project("{9A19103F-16F7-4668-BE54-9A1E7A4F7556}") = "IdentitySystem.IdentityServer.IntegrationTests", "tests\IdentitySystem.IdentityServer.IntegrationTests\IdentitySystem.IdentityServer.IntegrationTests.csproj", "{3FE1427D-F262-4953-934B-FBFFE0555EBD}"
EndProject
Project("{9A19103F-16F7-4668-BE54-9A1E7A4F7556}") = "IdentitySystem.Admin.Api.IntegrationTests", "tests\IdentitySystem.Admin.Api.IntegrationTests\IdentitySystem.Admin.Api.IntegrationTests.csproj", "{87DB22CB-968C-4A23-A556-10D7794CE109}"
EndProject
Project("{9A19103F-16F7-4668-BE54-9A1E7A4F7556}") = "IdentityServer4.IntegrationTests", "tests\IdentityServer4.IntegrationTests\IdentityServer4.IntegrationTests.csproj", "{C744486A-6313-48BB-876A-72090C3A10A7}"
EndProject
Project("{9A19103F-16F7-4668-BE54-9A1E7A4F7556}") = "IdentityServer4.UnitTests", "tests\IdentityServer4.UnitTests\IdentityServer4.UnitTests.csproj", "{DAE5AC72-79DC-4910-9659-AA7C4EBA2F50}"
EndProject
Project("{9A19103F-16F7-4668-BE54-9A1E7A4F7556}") = "IdentitySystem.BlazorAdmin", "src\WebApps\IdentitySystem.BlazorAdmin\IdentitySystem.BlazorAdmin.csproj", "{CB47975B-54E5-4542-A42B-9F400486D022}"
EndProject
Global
	GlobalSection(SolutionConfigurationPlatforms) = preSolution
		Debug|Any CPU = Debug|Any CPU
		Release|Any CPU = Release|Any CPU
	EndGlobalSection
	GlobalSection(ProjectConfigurationPlatforms) = postSolution
		{2FAECDE3-8D21-4C36-BFF1-3F7C1A56F0D4}.Debug|Any CPU.ActiveCfg = Debug|Any CPU
		{2FAECDE3-8D21-4C36-BFF1-3F7C1A56F0D4}.Debug|Any CPU.Build.0 = Debug|Any CPU
		{2FAECDE3-8D21-4C36-BFF1-3F7C1A56F0D4}.Release|Any CPU.ActiveCfg = Release|Any CPU
		{2FAECDE3-8D21-4C36-BFF1-3F7C1A56F0D4}.Release|Any CPU.Build.0 = Release|Any CPU
		{CA63CC7B-BE27-4737-AE91-42E43F729A1E}.Debug|Any CPU.ActiveCfg = Debug|Any CPU
		{CA63CC7B-BE27-4737-AE91-42E43F729A1E}.Debug|Any CPU.Build.0 = Debug|Any CPU
		{CA63CC7B-BE27-4737-AE91-42E43F729A1E}.Release|Any CPU.ActiveCfg = Release|Any CPU
		{CA63CC7B-BE27-4737-AE91-42E43F729A1E}.Release|Any CPU.Build.0 = Release|Any CPU
		{E18F8C70-7448-4039-9D78-1369D7F498EF}.Debug|Any CPU.ActiveCfg = Debug|Any CPU
		{E18F8C70-7448-4039-9D78-1369D7F498EF}.Debug|Any CPU.Build.0 = Debug|Any CPU
		{E18F8C70-7448-4039-9D78-1369D7F498EF}.Release|Any CPU.ActiveCfg = Release|Any CPU
		{E18F8C70-7448-4039-9D78-1369D7F498EF}.Release|Any CPU.Build.0 = Release|Any CPU
		{F817047F-018D-4F93-BDA5-58602073B634}.Debug|Any CPU.ActiveCfg = Debug|Any CPU
		{F817047F-018D-4F93-BDA5-58602073B634}.Debug|Any CPU.Build.0 = Debug|Any CPU
		{F817047F-018D-4F93-BDA5-58602073B634}.Release|Any CPU.ActiveCfg = Release|Any CPU
		{F817047F-018D-4F93-BDA5-58602073B634}.Release|Any CPU.Build.0 = Release|Any CPU
		{8230366D-81F9-4FA5-8F5D-8546B527F54F}.Debug|Any CPU.ActiveCfg = Debug|Any CPU
		{8230366D-81F9-4FA5-8F5D-8546B527F54F}.Debug|Any CPU.Build.0 = Debug|Any CPU
		{8230366D-81F9-4FA5-8F5D-8546B527F54F}.Release|Any CPU.ActiveCfg = Release|Any CPU
		{8230366D-81F9-4FA5-8F5D-8546B527F54F}.Release|Any CPU.Build.0 = Release|Any CPU
		{DC32E340-3EBC-4DE2-B058-EE499EBD3607}.Debug|Any CPU.ActiveCfg = Debug|Any CPU
		{DC32E340-3EBC-4DE2-B058-EE499EBD3607}.Debug|Any CPU.Build.0 = Debug|Any CPU
		{DC32E340-3EBC-4DE2-B058-EE499EBD3607}.Release|Any CPU.ActiveCfg = Release|Any CPU
		{DC32E340-3EBC-4DE2-B058-EE499EBD3607}.Release|Any CPU.Build.0 = Release|Any CPU
		{2B92DA59-AFA2-46CC-A92C-C2BF3A617502}.Debug|Any CPU.ActiveCfg = Debug|Any CPU
		{2B92DA59-AFA2-46CC-A92C-C2BF3A617502}.Debug|Any CPU.Build.0 = Debug|Any CPU
		{2B92DA59-AFA2-46CC-A92C-C2BF3A617502}.Release|Any CPU.ActiveCfg = Release|Any CPU
		{2B92DA59-AFA2-46CC-A92C-C2BF3A617502}.Release|Any CPU.Build.0 = Release|Any CPU
		{ACBDBAAE-6F01-4CBD-AD6E-F716BF80774F}.Debug|Any CPU.ActiveCfg = Debug|Any CPU
		{ACBDBAAE-6F01-4CBD-AD6E-F716BF80774F}.Debug|Any CPU.Build.0 = Debug|Any CPU
		{ACBDBAAE-6F01-4CBD-AD6E-F716BF80774F}.Release|Any CPU.ActiveCfg = Release|Any CPU
		{ACBDBAAE-6F01-4CBD-AD6E-F716BF80774F}.Release|Any CPU.Build.0 = Release|Any CPU
		{BD308948-A4E2-415F-BA5F-5B0536B47699}.Debug|Any CPU.ActiveCfg = Debug|Any CPU
		{BD308948-A4E2-415F-BA5F-5B0536B47699}.Debug|Any CPU.Build.0 = Debug|Any CPU
		{BD308948-A4E2-415F-BA5F-5B0536B47699}.Release|Any CPU.ActiveCfg = Release|Any CPU
		{BD308948-A4E2-415F-BA5F-5B0536B47699}.Release|Any CPU.Build.0 = Release|Any CPU
		{4A616825-B608-42D7-AFCB-06ED810C07B7}.Debug|Any CPU.ActiveCfg = Debug|Any CPU
		{4A616825-B608-42D7-AFCB-06ED810C07B7}.Debug|Any CPU.Build.0 = Debug|Any CPU
		{4A616825-B608-42D7-AFCB-06ED810C07B7}.Release|Any CPU.ActiveCfg = Release|Any CPU
		{4A616825-B608-42D7-AFCB-06ED810C07B7}.Release|Any CPU.Build.0 = Release|Any CPU
		{E60A79BD-F8E1-4969-9E3D-C31E889EE2CC}.Debug|Any CPU.ActiveCfg = Debug|Any CPU
		{E60A79BD-F8E1-4969-9E3D-C31E889EE2CC}.Debug|Any CPU.Build.0 = Debug|Any CPU
		{E60A79BD-F8E1-4969-9E3D-C31E889EE2CC}.Release|Any CPU.ActiveCfg = Release|Any CPU
		{E60A79BD-F8E1-4969-9E3D-C31E889EE2CC}.Release|Any CPU.Build.0 = Release|Any CPU
		{A8E8CEA5-3AFB-4A33-AEDD-58D2DA5F1941}.Debug|Any CPU.ActiveCfg = Debug|Any CPU
		{A8E8CEA5-3AFB-4A33-AEDD-58D2DA5F1941}.Debug|Any CPU.Build.0 = Debug|Any CPU
		{A8E8CEA5-3AFB-4A33-AEDD-58D2DA5F1941}.Release|Any CPU.ActiveCfg = Release|Any CPU
		{A8E8CEA5-3AFB-4A33-AEDD-58D2DA5F1941}.Release|Any CPU.Build.0 = Release|Any CPU
		{C1EC6962-3085-496A-98DF-3DA89153936F}.Debug|Any CPU.ActiveCfg = Debug|Any CPU
		{C1EC6962-3085-496A-98DF-3DA89153936F}.Debug|Any CPU.Build.0 = Debug|Any CPU
		{C1EC6962-3085-496A-98DF-3DA89153936F}.Release|Any CPU.ActiveCfg = Release|Any CPU
		{C1EC6962-3085-496A-98DF-3DA89153936F}.Release|Any CPU.Build.0 = Release|Any CPU
		{B7130814-FB7A-4E4C-9246-CAE0887C7639}.Debug|Any CPU.ActiveCfg = Debug|Any CPU
		{B7130814-FB7A-4E4C-9246-CAE0887C7639}.Debug|Any CPU.Build.0 = Debug|Any CPU
		{B7130814-FB7A-4E4C-9246-CAE0887C7639}.Release|Any CPU.ActiveCfg = Release|Any CPU
		{B7130814-FB7A-4E4C-9246-CAE0887C7639}.Release|Any CPU.Build.0 = Release|Any CPU
		{FFABE8A9-A32E-45F1-898B-F7FDE6E88DFE}.Debug|Any CPU.ActiveCfg = Debug|Any CPU
		{FFABE8A9-A32E-45F1-898B-F7FDE6E88DFE}.Debug|Any CPU.Build.0 = Debug|Any CPU
		{FFABE8A9-A32E-45F1-898B-F7FDE6E88DFE}.Release|Any CPU.ActiveCfg = Release|Any CPU
		{FFABE8A9-A32E-45F1-898B-F7FDE6E88DFE}.Release|Any CPU.Build.0 = Release|Any CPU
		{EA58147F-C2E1-4A91-9142-C13DFB2115E4}.Debug|Any CPU.ActiveCfg = Debug|Any CPU
		{EA58147F-C2E1-4A91-9142-C13DFB2115E4}.Debug|Any CPU.Build.0 = Debug|Any CPU
		{EA58147F-C2E1-4A91-9142-C13DFB2115E4}.Release|Any CPU.ActiveCfg = Release|Any CPU
		{EA58147F-C2E1-4A91-9142-C13DFB2115E4}.Release|Any CPU.Build.0 = Release|Any CPU
		{1BD3EF93-94C2-492F-AFE2-3A768D2B6260}.Debug|Any CPU.ActiveCfg = Debug|Any CPU
		{1BD3EF93-94C2-492F-AFE2-3A768D2B6260}.Debug|Any CPU.Build.0 = Debug|Any CPU
		{1BD3EF93-94C2-492F-AFE2-3A768D2B6260}.Release|Any CPU.ActiveCfg = Release|Any CPU
		{1BD3EF93-94C2-492F-AFE2-3A768D2B6260}.Release|Any CPU.Build.0 = Release|Any CPU
		{F1ED71EA-D2E3-43A2-BD39-C8FF45A06A5D}.Debug|Any CPU.ActiveCfg = Debug|Any CPU
		{F1ED71EA-D2E3-43A2-BD39-C8FF45A06A5D}.Debug|Any CPU.Build.0 = Debug|Any CPU
		{F1ED71EA-D2E3-43A2-BD39-C8FF45A06A5D}.Release|Any CPU.ActiveCfg = Release|Any CPU
		{F1ED71EA-D2E3-43A2-BD39-C8FF45A06A5D}.Release|Any CPU.Build.0 = Release|Any CPU
		{DBB33BAA-0542-41AF-A037-31F415183381}.Debug|Any CPU.ActiveCfg = Debug|Any CPU
		{DBB33BAA-0542-41AF-A037-31F415183381}.Debug|Any CPU.Build.0 = Debug|Any CPU
		{DBB33BAA-0542-41AF-A037-31F415183381}.Release|Any CPU.ActiveCfg = Release|Any CPU
		{DBB33BAA-0542-41AF-A037-31F415183381}.Release|Any CPU.Build.0 = Release|Any CPU
		{9C9A10DE-FC06-469D-A1B4-DC4EAE89428C}.Debug|Any CPU.ActiveCfg = Debug|Any CPU
		{9C9A10DE-FC06-469D-A1B4-DC4EAE89428C}.Debug|Any CPU.Build.0 = Debug|Any CPU
		{9C9A10DE-FC06-469D-A1B4-DC4EAE89428C}.Release|Any CPU.ActiveCfg = Release|Any CPU
		{9C9A10DE-FC06-469D-A1B4-DC4EAE89428C}.Release|Any CPU.Build.0 = Release|Any CPU
		{8BEDA8D3-70C5-4DF2-810C-7105B6A06F28}.Debug|Any CPU.ActiveCfg = Debug|Any CPU
		{8BEDA8D3-70C5-4DF2-810C-7105B6A06F28}.Debug|Any CPU.Build.0 = Debug|Any CPU
		{8BEDA8D3-70C5-4DF2-810C-7105B6A06F28}.Release|Any CPU.ActiveCfg = Release|Any CPU
		{8BEDA8D3-70C5-4DF2-810C-7105B6A06F28}.Release|Any CPU.Build.0 = Release|Any CPU
		{D551821B-7819-4C7A-9317-054D62E53990}.Debug|Any CPU.ActiveCfg = Debug|Any CPU
		{D551821B-7819-4C7A-9317-054D62E53990}.Debug|Any CPU.Build.0 = Debug|Any CPU
		{D551821B-7819-4C7A-9317-054D62E53990}.Release|Any CPU.ActiveCfg = Release|Any CPU
		{D551821B-7819-4C7A-9317-054D62E53990}.Release|Any CPU.Build.0 = Release|Any CPU
		{B1110F67-33AE-4E7A-92F4-81E8E7F2269B}.Debug|Any CPU.ActiveCfg = Debug|Any CPU
		{B1110F67-33AE-4E7A-92F4-81E8E7F2269B}.Debug|Any CPU.Build.0 = Debug|Any CPU
		{B1110F67-33AE-4E7A-92F4-81E8E7F2269B}.Release|Any CPU.ActiveCfg = Release|Any CPU
		{B1110F67-33AE-4E7A-92F4-81E8E7F2269B}.Release|Any CPU.Build.0 = Release|Any CPU
		{3FE1427D-F262-4953-934B-FBFFE0555EBD}.Debug|Any CPU.ActiveCfg = Debug|Any CPU
		{3FE1427D-F262-4953-934B-FBFFE0555EBD}.Debug|Any CPU.Build.0 = Debug|Any CPU
		{3FE1427D-F262-4953-934B-FBFFE0555EBD}.Release|Any CPU.ActiveCfg = Release|Any CPU
		{3FE1427D-F262-4953-934B-FBFFE0555EBD}.Release|Any CPU.Build.0 = Release|Any CPU
		{87DB22CB-968C-4A23-A556-10D7794CE109}.Debug|Any CPU.ActiveCfg = Debug|Any CPU
		{87DB22CB-968C-4A23-A556-10D7794CE109}.Debug|Any CPU.Build.0 = Debug|Any CPU
		{87DB22CB-968C-4A23-A556-10D7794CE109}.Release|Any CPU.ActiveCfg = Release|Any CPU
		{87DB22CB-968C-4A23-A556-10D7794CE109}.Release|Any CPU.Build.0 = Release|Any CPU
		{C744486A-6313-48BB-876A-72090C3A10A7}.Debug|Any CPU.ActiveCfg = Debug|Any CPU
		{C744486A-6313-48BB-876A-72090C3A10A7}.Debug|Any CPU.Build.0 = Debug|Any CPU
		{C744486A-6313-48BB-876A-72090C3A10A7}.Release|Any CPU.ActiveCfg = Release|Any CPU
		{C744486A-6313-48BB-876A-72090C3A10A7}.Release|Any CPU.Build.0 = Release|Any CPU
		{DAE5AC72-79DC-4910-9659-AA7C4EBA2F50}.Debug|Any CPU.ActiveCfg = Debug|Any CPU
		{DAE5AC72-79DC-4910-9659-AA7C4EBA2F50}.Debug|Any CPU.Build.0 = Debug|Any CPU
		{DAE5AC72-79DC-4910-9659-AA7C4EBA2F50}.Release|Any CPU.ActiveCfg = Release|Any CPU
		{DAE5AC72-79DC-4910-9659-AA7C4EBA2F50}.Release|Any CPU.Build.0 = Release|Any CPU
		{CB47975B-54E5-4542-A42B-9F400486D022}.Debug|Any CPU.ActiveCfg = Debug|Any CPU
		{CB47975B-54E5-4542-A42B-9F400486D022}.Debug|Any CPU.Build.0 = Debug|Any CPU
		{CB47975B-54E5-4542-A42B-9F400486D022}.Release|Any CPU.ActiveCfg = Release|Any CPU
		{CB47975B-54E5-4542-A42B-9F400486D022}.Release|Any CPU.Build.0 = Release|Any CPU
	EndGlobalSection
	GlobalSection(SolutionProperties) = preSolution
		HideSolutionNode = FALSE
	EndGlobalSection
	GlobalSection(NestedProjects) = preSolution
		{2FAECDE3-8D21-4C36-BFF1-3F7C1A56F0D4} = {FF5EBCD1-D423-462C-B56E-42AFF940DD7F}
		{CA63CC7B-BE27-4737-AE91-42E43F729A1E} = {102258B1-7794-4CAD-B943-9EF4F8839B0D}
		{E18F8C70-7448-4039-9D78-1369D7F498EF} = {FF5EBCD1-D423-462C-B56E-42AFF940DD7F}
		{8230366D-81F9-4FA5-8F5D-8546B527F54F} = {FF5EBCD1-D423-462C-B56E-42AFF940DD7F}
		{81D70C43-0CCD-4C59-A412-A6AF1E7A6580} = {DB7570D8-2656-4638-AA2E-AFB529E4DC19}
		{102258B1-7794-4CAD-B943-9EF4F8839B0D} = {3D104FEC-FCE8-4684-8FB7-70F6F494CCEF}
		{D8EA1829-D96C-484C-9693-5F3D7ABD4102} = {3D104FEC-FCE8-4684-8FB7-70F6F494CCEF}
		{3D104FEC-FCE8-4684-8FB7-70F6F494CCEF} = {DB7570D8-2656-4638-AA2E-AFB529E4DC19}
		{FF5EBCD1-D423-462C-B56E-42AFF940DD7F} = {3D104FEC-FCE8-4684-8FB7-70F6F494CCEF}
		{1607B49C-58C6-4BBC-9504-3112440CD440} = {DB7570D8-2656-4638-AA2E-AFB529E4DC19}
		{DC32E340-3EBC-4DE2-B058-EE499EBD3607} = {1607B49C-58C6-4BBC-9504-3112440CD440}
		{2B92DA59-AFA2-46CC-A92C-C2BF3A617502} = {1607B49C-58C6-4BBC-9504-3112440CD440}
		{ACBDBAAE-6F01-4CBD-AD6E-F716BF80774F} = {81D70C43-0CCD-4C59-A412-A6AF1E7A6580}
		{5E67E994-8C81-43D4-B8CE-35D397B83E22} = {DB7570D8-2656-4638-AA2E-AFB529E4DC19}
		{BD308948-A4E2-415F-BA5F-5B0536B47699} = {102258B1-7794-4CAD-B943-9EF4F8839B0D}
		{4A616825-B608-42D7-AFCB-06ED810C07B7} = {D8EA1829-D96C-484C-9693-5F3D7ABD4102}
		{E60A79BD-F8E1-4969-9E3D-C31E889EE2CC} = {D8EA1829-D96C-484C-9693-5F3D7ABD4102}
		{A8E8CEA5-3AFB-4A33-AEDD-58D2DA5F1941} = {D8EA1829-D96C-484C-9693-5F3D7ABD4102}
		{C1EC6962-3085-496A-98DF-3DA89153936F} = {D8EA1829-D96C-484C-9693-5F3D7ABD4102}
		{B7130814-FB7A-4E4C-9246-CAE0887C7639} = {D8EA1829-D96C-484C-9693-5F3D7ABD4102}
		{D6F5C6F2-2381-4519-AC25-7EB449860B0D} = {DB7570D8-2656-4638-AA2E-AFB529E4DC19}
		{A9133C43-F53F-4A78-A26A-4035DBF828B2} = {D6F5C6F2-2381-4519-AC25-7EB449860B0D}
		{FFABE8A9-A32E-45F1-898B-F7FDE6E88DFE} = {FF5EBCD1-D423-462C-B56E-42AFF940DD7F}
		{EA58147F-C2E1-4A91-9142-C13DFB2115E4} = {FF5EBCD1-D423-462C-B56E-42AFF940DD7F}
		{1BD3EF93-94C2-492F-AFE2-3A768D2B6260} = {FF5EBCD1-D423-462C-B56E-42AFF940DD7F}
		{F1ED71EA-D2E3-43A2-BD39-C8FF45A06A5D} = {102258B1-7794-4CAD-B943-9EF4F8839B0D}
		{DBB33BAA-0542-41AF-A037-31F415183381} = {102258B1-7794-4CAD-B943-9EF4F8839B0D}
		{9C9A10DE-FC06-469D-A1B4-DC4EAE89428C} = {102258B1-7794-4CAD-B943-9EF4F8839B0D}
		{8BEDA8D3-70C5-4DF2-810C-7105B6A06F28} = {81D70C43-0CCD-4C59-A412-A6AF1E7A6580}
		{D551821B-7819-4C7A-9317-054D62E53990} = {CDA348C4-643C-461B-AD23-9B34A5DC0F2B}
		{B1110F67-33AE-4E7A-92F4-81E8E7F2269B} = {CDA348C4-643C-461B-AD23-9B34A5DC0F2B}
		{3FE1427D-F262-4953-934B-FBFFE0555EBD} = {CDA348C4-643C-461B-AD23-9B34A5DC0F2B}
		{87DB22CB-968C-4A23-A556-10D7794CE109} = {CDA348C4-643C-461B-AD23-9B34A5DC0F2B}
		{C744486A-6313-48BB-876A-72090C3A10A7} = {CDA348C4-643C-461B-AD23-9B34A5DC0F2B}
		{DAE5AC72-79DC-4910-9659-AA7C4EBA2F50} = {CDA348C4-643C-461B-AD23-9B34A5DC0F2B}
		{CB47975B-54E5-4542-A42B-9F400486D022} = {1607B49C-58C6-4BBC-9504-3112440CD440}
	EndGlobalSection
	GlobalSection(ExtensibilityGlobals) = postSolution
		SolutionGuid = {B3166EDE-037B-4C68-BEBA-5DE9C5E3DB82}
	EndGlobalSection
EndGlobal
